// !$*UTF8*$!
{
	archiveVersion = 1;
	classes = {
	};
	objectVersion = 56;
	objects = {

/* Begin PBXBuildFile section */
		305D85A129D725E5002FAC13 /* ButtonModifier.swift in Sources */ = {isa = PBXBuildFile; fileRef = 305D85A029D725E5002FAC13 /* ButtonModifier.swift */; };
		30AFBE2C29D6F70700566DB7 /* OCR_Demo_SwiftUIApp.swift in Sources */ = {isa = PBXBuildFile; fileRef = 30AFBE2B29D6F70700566DB7 /* OCR_Demo_SwiftUIApp.swift */; };
		30AFBE2E29D6F70700566DB7 /* ContentView.swift in Sources */ = {isa = PBXBuildFile; fileRef = 30AFBE2D29D6F70700566DB7 /* ContentView.swift */; };
		30AFBE3029D6F70800566DB7 /* Assets.xcassets in Resources */ = {isa = PBXBuildFile; fileRef = 30AFBE2F29D6F70800566DB7 /* Assets.xcassets */; };
		30AFBE3429D6F70800566DB7 /* Preview Assets.xcassets in Resources */ = {isa = PBXBuildFile; fileRef = 30AFBE3329D6F70800566DB7 /* Preview Assets.xcassets */; };
		30AFBE3B29D6F72800566DB7 /* OCRView.swift in Sources */ = {isa = PBXBuildFile; fileRef = 30AFBE3A29D6F72800566DB7 /* OCRView.swift */; };
		30AFBE3F29D6F96300566DB7 /* UIScreen+Extension.swift in Sources */ = {isa = PBXBuildFile; fileRef = 30AFBE3E29D6F96300566DB7 /* UIScreen+Extension.swift */; };
		30AFBE4129D6F9DE00566DB7 /* OCRResult.swift in Sources */ = {isa = PBXBuildFile; fileRef = 30AFBE4029D6F9DE00566DB7 /* OCRResult.swift */; };
		30AFBE4729D6FAD600566DB7 /* FitSystemFont.swift in Sources */ = {isa = PBXBuildFile; fileRef = 30AFBE4629D6FAD600566DB7 /* FitSystemFont.swift */; };
		30AFBE4929D6FCAF00566DB7 /* ContentViewModel.swift in Sources */ = {isa = PBXBuildFile; fileRef = 30AFBE4829D6FCAF00566DB7 /* ContentViewModel.swift */; };
		30AFBE4B29D703EF00566DB7 /* OverlayView.swift in Sources */ = {isa = PBXBuildFile; fileRef = 30AFBE4A29D703EF00566DB7 /* OverlayView.swift */; };
		30AFBE4D29D7086900566DB7 /* OCRManager.swift in Sources */ = {isa = PBXBuildFile; fileRef = 30AFBE4C29D7086900566DB7 /* OCRManager.swift */; };
		30AFBE4F29D70B3700566DB7 /* GuideView.swift in Sources */ = {isa = PBXBuildFile; fileRef = 30AFBE4E29D70B3700566DB7 /* GuideView.swift */; };
/* End PBXBuildFile section */

/* Begin PBXFileReference section */
		305D85A029D725E5002FAC13 /* ButtonModifier.swift */ = {isa = PBXFileReference; lastKnownFileType = sourcecode.swift; path = ButtonModifier.swift; sourceTree = "<group>"; };
		30AFBE2829D6F70700566DB7 /* OCR-Demo-SwiftUI.app */ = {isa = PBXFileReference; explicitFileType = wrapper.application; includeInIndex = 0; path = "OCR-Demo-SwiftUI.app"; sourceTree = BUILT_PRODUCTS_DIR; };
		30AFBE2B29D6F70700566DB7 /* OCR_Demo_SwiftUIApp.swift */ = {isa = PBXFileReference; lastKnownFileType = sourcecode.swift; path = OCR_Demo_SwiftUIApp.swift; sourceTree = "<group>"; };
		30AFBE2D29D6F70700566DB7 /* ContentView.swift */ = {isa = PBXFileReference; lastKnownFileType = sourcecode.swift; path = ContentView.swift; sourceTree = "<group>"; };
		30AFBE2F29D6F70800566DB7 /* Assets.xcassets */ = {isa = PBXFileReference; lastKnownFileType = folder.assetcatalog; path = Assets.xcassets; sourceTree = "<group>"; };
		30AFBE3129D6F70800566DB7 /* OCR_Demo_SwiftUI.entitlements */ = {isa = PBXFileReference; lastKnownFileType = text.plist.entitlements; path = OCR_Demo_SwiftUI.entitlements; sourceTree = "<group>"; };
		30AFBE3329D6F70800566DB7 /* Preview Assets.xcassets */ = {isa = PBXFileReference; lastKnownFileType = folder.assetcatalog; path = "Preview Assets.xcassets"; sourceTree = "<group>"; };
		30AFBE3A29D6F72800566DB7 /* OCRView.swift */ = {isa = PBXFileReference; lastKnownFileType = sourcecode.swift; path = OCRView.swift; sourceTree = "<group>"; };
		30AFBE3E29D6F96300566DB7 /* UIScreen+Extension.swift */ = {isa = PBXFileReference; lastKnownFileType = sourcecode.swift; path = "UIScreen+Extension.swift"; sourceTree = "<group>"; };
		30AFBE4029D6F9DE00566DB7 /* OCRResult.swift */ = {isa = PBXFileReference; lastKnownFileType = sourcecode.swift; path = OCRResult.swift; sourceTree = "<group>"; };
		30AFBE4629D6FAD600566DB7 /* FitSystemFont.swift */ = {isa = PBXFileReference; lastKnownFileType = sourcecode.swift; path = FitSystemFont.swift; sourceTree = "<group>"; };
		30AFBE4829D6FCAF00566DB7 /* ContentViewModel.swift */ = {isa = PBXFileReference; lastKnownFileType = sourcecode.swift; path = ContentViewModel.swift; sourceTree = "<group>"; };
		30AFBE4A29D703EF00566DB7 /* OverlayView.swift */ = {isa = PBXFileReference; lastKnownFileType = sourcecode.swift; path = OverlayView.swift; sourceTree = "<group>"; };
		30AFBE4C29D7086900566DB7 /* OCRManager.swift */ = {isa = PBXFileReference; lastKnownFileType = sourcecode.swift; path = OCRManager.swift; sourceTree = "<group>"; };
		30AFBE4E29D70B3700566DB7 /* GuideView.swift */ = {isa = PBXFileReference; lastKnownFileType = sourcecode.swift; path = GuideView.swift; sourceTree = "<group>"; };
/* End PBXFileReference section */

/* Begin PBXFrameworksBuildPhase section */
		30AFBE2529D6F70700566DB7 /* Frameworks */ = {
			isa = PBXFrameworksBuildPhase;
			buildActionMask = 2147483647;
			files = (
			);
			runOnlyForDeploymentPostprocessing = 0;
		};
/* End PBXFrameworksBuildPhase section */

/* Begin PBXGroup section */
		30AFBE1F29D6F70700566DB7 = {
			isa = PBXGroup;
			children = (
				30AFBE2A29D6F70700566DB7 /* OCR-Demo-SwiftUI */,
				30AFBE2929D6F70700566DB7 /* Products */,
			);
			sourceTree = "<group>";
		};
		30AFBE2929D6F70700566DB7 /* Products */ = {
			isa = PBXGroup;
			children = (
				30AFBE2829D6F70700566DB7 /* OCR-Demo-SwiftUI.app */,
			);
			name = Products;
			sourceTree = "<group>";
		};
		30AFBE2A29D6F70700566DB7 /* OCR-Demo-SwiftUI */ = {
			isa = PBXGroup;
			children = (
				30AFBE3129D6F70800566DB7 /* OCR_Demo_SwiftUI.entitlements */,
				30AFBE2B29D6F70700566DB7 /* OCR_Demo_SwiftUIApp.swift */,
				30AFBE3E29D6F96300566DB7 /* UIScreen+Extension.swift */,
				30AFBE4629D6FAD600566DB7 /* FitSystemFont.swift */,
				305D85A029D725E5002FAC13 /* ButtonModifier.swift */,
				30AFBE4029D6F9DE00566DB7 /* OCRResult.swift */,
				30AFBE4829D6FCAF00566DB7 /* ContentViewModel.swift */,
				30AFBE2D29D6F70700566DB7 /* ContentView.swift */,
				30AFBE3A29D6F72800566DB7 /* OCRView.swift */,
				30AFBE4C29D7086900566DB7 /* OCRManager.swift */,
				30AFBE4E29D70B3700566DB7 /* GuideView.swift */,
				30AFBE4A29D703EF00566DB7 /* OverlayView.swift */,
				30AFBE2F29D6F70800566DB7 /* Assets.xcassets */,
				30AFBE3229D6F70800566DB7 /* Preview Content */,
			);
			path = "OCR-Demo-SwiftUI";
			sourceTree = "<group>";
		};
		30AFBE3229D6F70800566DB7 /* Preview Content */ = {
			isa = PBXGroup;
			children = (
				30AFBE3329D6F70800566DB7 /* Preview Assets.xcassets */,
			);
			path = "Preview Content";
			sourceTree = "<group>";
		};
/* End PBXGroup section */

/* Begin PBXNativeTarget section */
		30AFBE2729D6F70700566DB7 /* OCR-Demo-SwiftUI */ = {
			isa = PBXNativeTarget;
			buildConfigurationList = 30AFBE3729D6F70800566DB7 /* Build configuration list for PBXNativeTarget "OCR-Demo-SwiftUI" */;
			buildPhases = (
				30AFBE2429D6F70700566DB7 /* Sources */,
				30AFBE2529D6F70700566DB7 /* Frameworks */,
				30AFBE2629D6F70700566DB7 /* Resources */,
			);
			buildRules = (
			);
			dependencies = (
			);
			name = "OCR-Demo-SwiftUI";
			productName = "OCR-Demo-SwiftUI";
			productReference = 30AFBE2829D6F70700566DB7 /* OCR-Demo-SwiftUI.app */;
			productType = "com.apple.product-type.application";
		};
/* End PBXNativeTarget section */

/* Begin PBXProject section */
		30AFBE2029D6F70700566DB7 /* Project object */ = {
			isa = PBXProject;
			attributes = {
				BuildIndependentTargetsInParallel = 1;
				LastSwiftUpdateCheck = 1420;
				LastUpgradeCheck = 1430;
				TargetAttributes = {
					30AFBE2729D6F70700566DB7 = {
						CreatedOnToolsVersion = 14.2;
					};
				};
			};
			buildConfigurationList = 30AFBE2329D6F70700566DB7 /* Build configuration list for PBXProject "OCR-Demo-SwiftUI" */;
			compatibilityVersion = "Xcode 14.0";
			developmentRegion = en;
			hasScannedForEncodings = 0;
			knownRegions = (
				en,
				Base,
			);
			mainGroup = 30AFBE1F29D6F70700566DB7;
			productRefGroup = 30AFBE2929D6F70700566DB7 /* Products */;
			projectDirPath = "";
			projectRoot = "";
			targets = (
				30AFBE2729D6F70700566DB7 /* OCR-Demo-SwiftUI */,
			);
		};
/* End PBXProject section */

/* Begin PBXResourcesBuildPhase section */
		30AFBE2629D6F70700566DB7 /* Resources */ = {
			isa = PBXResourcesBuildPhase;
			buildActionMask = 2147483647;
			files = (
				30AFBE3429D6F70800566DB7 /* Preview Assets.xcassets in Resources */,
				30AFBE3029D6F70800566DB7 /* Assets.xcassets in Resources */,
			);
			runOnlyForDeploymentPostprocessing = 0;
		};
/* End PBXResourcesBuildPhase section */

/* Begin PBXSourcesBuildPhase section */
		30AFBE2429D6F70700566DB7 /* Sources */ = {
			isa = PBXSourcesBuildPhase;
			buildActionMask = 2147483647;
			files = (
				30AFBE4D29D7086900566DB7 /* OCRManager.swift in Sources */,
				30AFBE4B29D703EF00566DB7 /* OverlayView.swift in Sources */,
				30AFBE4929D6FCAF00566DB7 /* ContentViewModel.swift in Sources */,
				305D85A129D725E5002FAC13 /* ButtonModifier.swift in Sources */,
				30AFBE4129D6F9DE00566DB7 /* OCRResult.swift in Sources */,
				30AFBE3B29D6F72800566DB7 /* OCRView.swift in Sources */,
				30AFBE3F29D6F96300566DB7 /* UIScreen+Extension.swift in Sources */,
				30AFBE2E29D6F70700566DB7 /* ContentView.swift in Sources */,
				30AFBE4729D6FAD600566DB7 /* FitSystemFont.swift in Sources */,
				30AFBE2C29D6F70700566DB7 /* OCR_Demo_SwiftUIApp.swift in Sources */,
				30AFBE4F29D70B3700566DB7 /* GuideView.swift in Sources */,
			);
			runOnlyForDeploymentPostprocessing = 0;
		};
/* End PBXSourcesBuildPhase section */

/* Begin XCBuildConfiguration section */
		30AFBE3529D6F70800566DB7 /* Debug */ = {
			isa = XCBuildConfiguration;
			buildSettings = {
				ALWAYS_SEARCH_USER_PATHS = NO;
				CLANG_ANALYZER_NONNULL = YES;
				CLANG_ANALYZER_NUMBER_OBJECT_CONVERSION = YES_AGGRESSIVE;
				CLANG_CXX_LANGUAGE_STANDARD = "gnu++20";
				CLANG_ENABLE_MODULES = YES;
				CLANG_ENABLE_OBJC_ARC = YES;
				CLANG_ENABLE_OBJC_WEAK = YES;
				CLANG_WARN_BLOCK_CAPTURE_AUTORELEASING = YES;
				CLANG_WARN_BOOL_CONVERSION = YES;
				CLANG_WARN_COMMA = YES;
				CLANG_WARN_CONSTANT_CONVERSION = YES;
				CLANG_WARN_DEPRECATED_OBJC_IMPLEMENTATIONS = YES;
				CLANG_WARN_DIRECT_OBJC_ISA_USAGE = YES_ERROR;
				CLANG_WARN_DOCUMENTATION_COMMENTS = YES;
				CLANG_WARN_EMPTY_BODY = YES;
				CLANG_WARN_ENUM_CONVERSION = YES;
				CLANG_WARN_INFINITE_RECURSION = YES;
				CLANG_WARN_INT_CONVERSION = YES;
				CLANG_WARN_NON_LITERAL_NULL_CONVERSION = YES;
				CLANG_WARN_OBJC_IMPLICIT_RETAIN_SELF = YES;
				CLANG_WARN_OBJC_LITERAL_CONVERSION = YES;
				CLANG_WARN_OBJC_ROOT_CLASS = YES_ERROR;
				CLANG_WARN_QUOTED_INCLUDE_IN_FRAMEWORK_HEADER = YES;
				CLANG_WARN_RANGE_LOOP_ANALYSIS = YES;
				CLANG_WARN_STRICT_PROTOTYPES = YES;
				CLANG_WARN_SUSPICIOUS_MOVE = YES;
				CLANG_WARN_UNGUARDED_AVAILABILITY = YES_AGGRESSIVE;
				CLANG_WARN_UNREACHABLE_CODE = YES;
				CLANG_WARN__DUPLICATE_METHOD_MATCH = YES;
				COPY_PHASE_STRIP = NO;
				DEAD_CODE_STRIPPING = YES;
				DEBUG_INFORMATION_FORMAT = dwarf;
				ENABLE_STRICT_OBJC_MSGSEND = YES;
				ENABLE_TESTABILITY = YES;
				GCC_C_LANGUAGE_STANDARD = gnu11;
				GCC_DYNAMIC_NO_PIC = NO;
				GCC_NO_COMMON_BLOCKS = YES;
				GCC_OPTIMIZATION_LEVEL = 0;
				GCC_PREPROCESSOR_DEFINITIONS = (
					"DEBUG=1",
					"$(inherited)",
				);
				GCC_WARN_64_TO_32_BIT_CONVERSION = YES;
				GCC_WARN_ABOUT_RETURN_TYPE = YES_ERROR;
				GCC_WARN_UNDECLARED_SELECTOR = YES;
				GCC_WARN_UNINITIALIZED_AUTOS = YES_AGGRESSIVE;
				GCC_WARN_UNUSED_FUNCTION = YES;
				GCC_WARN_UNUSED_VARIABLE = YES;
				MTL_ENABLE_DEBUG_INFO = INCLUDE_SOURCE;
				MTL_FAST_MATH = YES;
				ONLY_ACTIVE_ARCH = YES;
				SWIFT_ACTIVE_COMPILATION_CONDITIONS = DEBUG;
				SWIFT_OPTIMIZATION_LEVEL = "-Onone";
			};
			name = Debug;
		};
		30AFBE3629D6F70800566DB7 /* Release */ = {
			isa = XCBuildConfiguration;
			buildSettings = {
				ALWAYS_SEARCH_USER_PATHS = NO;
				CLANG_ANALYZER_NONNULL = YES;
				CLANG_ANALYZER_NUMBER_OBJECT_CONVERSION = YES_AGGRESSIVE;
				CLANG_CXX_LANGUAGE_STANDARD = "gnu++20";
				CLANG_ENABLE_MODULES = YES;
				CLANG_ENABLE_OBJC_ARC = YES;
				CLANG_ENABLE_OBJC_WEAK = YES;
				CLANG_WARN_BLOCK_CAPTURE_AUTORELEASING = YES;
				CLANG_WARN_BOOL_CONVERSION = YES;
				CLANG_WARN_COMMA = YES;
				CLANG_WARN_CONSTANT_CONVERSION = YES;
				CLANG_WARN_DEPRECATED_OBJC_IMPLEMENTATIONS = YES;
				CLANG_WARN_DIRECT_OBJC_ISA_USAGE = YES_ERROR;
				CLANG_WARN_DOCUMENTATION_COMMENTS = YES;
				CLANG_WARN_EMPTY_BODY = YES;
				CLANG_WARN_ENUM_CONVERSION = YES;
				CLANG_WARN_INFINITE_RECURSION = YES;
				CLANG_WARN_INT_CONVERSION = YES;
				CLANG_WARN_NON_LITERAL_NULL_CONVERSION = YES;
				CLANG_WARN_OBJC_IMPLICIT_RETAIN_SELF = YES;
				CLANG_WARN_OBJC_LITERAL_CONVERSION = YES;
				CLANG_WARN_OBJC_ROOT_CLASS = YES_ERROR;
				CLANG_WARN_QUOTED_INCLUDE_IN_FRAMEWORK_HEADER = YES;
				CLANG_WARN_RANGE_LOOP_ANALYSIS = YES;
				CLANG_WARN_STRICT_PROTOTYPES = YES;
				CLANG_WARN_SUSPICIOUS_MOVE = YES;
				CLANG_WARN_UNGUARDED_AVAILABILITY = YES_AGGRESSIVE;
				CLANG_WARN_UNREACHABLE_CODE = YES;
				CLANG_WARN__DUPLICATE_METHOD_MATCH = YES;
				COPY_PHASE_STRIP = NO;
				DEAD_CODE_STRIPPING = YES;
				DEBUG_INFORMATION_FORMAT = "dwarf-with-dsym";
				ENABLE_NS_ASSERTIONS = NO;
				ENABLE_STRICT_OBJC_MSGSEND = YES;
				GCC_C_LANGUAGE_STANDARD = gnu11;
				GCC_NO_COMMON_BLOCKS = YES;
				GCC_WARN_64_TO_32_BIT_CONVERSION = YES;
				GCC_WARN_ABOUT_RETURN_TYPE = YES_ERROR;
				GCC_WARN_UNDECLARED_SELECTOR = YES;
				GCC_WARN_UNINITIALIZED_AUTOS = YES_AGGRESSIVE;
				GCC_WARN_UNUSED_FUNCTION = YES;
				GCC_WARN_UNUSED_VARIABLE = YES;
				MTL_ENABLE_DEBUG_INFO = NO;
				MTL_FAST_MATH = YES;
				SWIFT_COMPILATION_MODE = wholemodule;
				SWIFT_OPTIMIZATION_LEVEL = "-O";
			};
			name = Release;
		};
		30AFBE3829D6F70800566DB7 /* Debug */ = {
			isa = XCBuildConfiguration;
			buildSettings = {
				ASSETCATALOG_COMPILER_APPICON_NAME = AppIcon;
				ASSETCATALOG_COMPILER_GLOBAL_ACCENT_COLOR_NAME = AccentColor;
				CODE_SIGN_ENTITLEMENTS = "OCR-Demo-SwiftUI/OCR_Demo_SwiftUI.entitlements";
				CODE_SIGN_STYLE = Automatic;
				CURRENT_PROJECT_VERSION = 1;
				DEAD_CODE_STRIPPING = YES;
				DEVELOPMENT_ASSET_PATHS = "\"OCR-Demo-SwiftUI/Preview Content\"";
				DEVELOPMENT_TEAM = 2C797ZLX46;
				ENABLE_HARDENED_RUNTIME = YES;
				ENABLE_PREVIEWS = YES;
				GENERATE_INFOPLIST_FILE = YES;
				"INFOPLIST_KEY_UIApplicationSceneManifest_Generation[sdk=iphoneos*]" = YES;
				"INFOPLIST_KEY_UIApplicationSceneManifest_Generation[sdk=iphonesimulator*]" = YES;
				"INFOPLIST_KEY_UIApplicationSupportsIndirectInputEvents[sdk=iphoneos*]" = YES;
				"INFOPLIST_KEY_UIApplicationSupportsIndirectInputEvents[sdk=iphonesimulator*]" = YES;
				"INFOPLIST_KEY_UILaunchScreen_Generation[sdk=iphoneos*]" = YES;
				"INFOPLIST_KEY_UILaunchScreen_Generation[sdk=iphonesimulator*]" = YES;
				"INFOPLIST_KEY_UIStatusBarStyle[sdk=iphoneos*]" = UIStatusBarStyleDefault;
				"INFOPLIST_KEY_UIStatusBarStyle[sdk=iphonesimulator*]" = UIStatusBarStyleDefault;
				INFOPLIST_KEY_UISupportedInterfaceOrientations_iPad = "UIInterfaceOrientationPortrait UIInterfaceOrientationPortraitUpsideDown UIInterfaceOrientationLandscapeLeft UIInterfaceOrientationLandscapeRight";
				INFOPLIST_KEY_UISupportedInterfaceOrientations_iPhone = "UIInterfaceOrientationPortrait UIInterfaceOrientationLandscapeLeft UIInterfaceOrientationLandscapeRight";
				IPHONEOS_DEPLOYMENT_TARGET = 16.2;
				LD_RUNPATH_SEARCH_PATHS = "@executable_path/Frameworks";
				"LD_RUNPATH_SEARCH_PATHS[sdk=macosx*]" = "@executable_path/../Frameworks";
				MACOSX_DEPLOYMENT_TARGET = 13.1;
				MARKETING_VERSION = 1.0;
				PRODUCT_BUNDLE_IDENTIFIER = "com.tugcanonbas.OCR-Demo-SwiftUI";
				PRODUCT_NAME = "$(TARGET_NAME)";
				SDKROOT = auto;
				SUPPORTED_PLATFORMS = "iphoneos iphonesimulator macosx";
				SWIFT_EMIT_LOC_STRINGS = YES;
				SWIFT_VERSION = 5.0;
				TARGETED_DEVICE_FAMILY = "1,2";
			};
			name = Debug;
		};
		30AFBE3929D6F70800566DB7 /* Release */ = {
			isa = XCBuildConfiguration;
			buildSettings = {
				ASSETCATALOG_COMPILER_APPICON_NAME = AppIcon;
				ASSETCATALOG_COMPILER_GLOBAL_ACCENT_COLOR_NAME = AccentColor;
				CODE_SIGN_ENTITLEMENTS = "OCR-Demo-SwiftUI/OCR_Demo_SwiftUI.entitlements";
				CODE_SIGN_STYLE = Automatic;
				CURRENT_PROJECT_VERSION = 1;
				DEAD_CODE_STRIPPING = YES;
				DEVELOPMENT_ASSET_PATHS = "\"OCR-Demo-SwiftUI/Preview Content\"";
				DEVELOPMENT_TEAM = 2C797ZLX46;
				ENABLE_HARDENED_RUNTIME = YES;
				ENABLE_PREVIEWS = YES;
				GENERATE_INFOPLIST_FILE = YES;
				"INFOPLIST_KEY_UIApplicationSceneManifest_Generation[sdk=iphoneos*]" = YES;
				"INFOPLIST_KEY_UIApplicationSceneManifest_Generation[sdk=iphonesimulator*]" = YES;
				"INFOPLIST_KEY_UIApplicationSupportsIndirectInputEvents[sdk=iphoneos*]" = YES;
				"INFOPLIST_KEY_UIApplicationSupportsIndirectInputEvents[sdk=iphonesimulator*]" = YES;
				"INFOPLIST_KEY_UILaunchScreen_Generation[sdk=iphoneos*]" = YES;
				"INFOPLIST_KEY_UILaunchScreen_Generation[sdk=iphonesimulator*]" = YES;
				"INFOPLIST_KEY_UIStatusBarStyle[sdk=iphoneos*]" = UIStatusBarStyleDefault;
				"INFOPLIST_KEY_UIStatusBarStyle[sdk=iphonesimulator*]" = UIStatusBarStyleDefault;
				INFOPLIST_KEY_UISupportedInterfaceOrientations_iPad = "UIInterfaceOrientationPortrait UIInterfaceOrientationPortraitUpsideDown UIInterfaceOrientationLandscapeLeft UIInterfaceOrientationLandscapeRight";
				INFOPLIST_KEY_UISupportedInterfaceOrientations_iPhone = "UIInterfaceOrientationPortrait UIInterfaceOrientationLandscapeLeft UIInterfaceOrientationLandscapeRight";
				IPHONEOS_DEPLOYMENT_TARGET = 16.2;
				LD_RUNPATH_SEARCH_PATHS = "@executable_path/Frameworks";
				"LD_RUNPATH_SEARCH_PATHS[sdk=macosx*]" = "@executable_path/../Frameworks";
				MACOSX_DEPLOYMENT_TARGET = 13.1;
				MARKETING_VERSION = 1.0;
				PRODUCT_BUNDLE_IDENTIFIER = "com.tugcanonbas.OCR-Demo-SwiftUI";
				PRODUCT_NAME = "$(TARGET_NAME)";
				SDKROOT = auto;
				SUPPORTED_PLATFORMS = "iphoneos iphonesimulator macosx";
				SWIFT_EMIT_LOC_STRINGS = YES;
				SWIFT_VERSION = 5.0;
				TARGETED_DEVICE_FAMILY = "1,2";
			};
			name = Release;
		};
/* End XCBuildConfiguration section */

/* Begin XCConfigurationList section */
		30AFBE2329D6F70700566DB7 /* Build configuration list for PBXProject "OCR-Demo-SwiftUI" */ = {
			isa = XCConfigurationList;
			buildConfigurations = (
				30AFBE3529D6F70800566DB7 /* Debug */,
				30AFBE3629D6F70800566DB7 /* Release */,
			);
			defaultConfigurationIsVisible = 0;
			defaultConfigurationName = Release;
		};
		30AFBE3729D6F70800566DB7 /* Build configuration list for PBXNativeTarget "OCR-Demo-SwiftUI" */ = {
			isa = XCConfigurationList;
			buildConfigurations = (
				30AFBE3829D6F70800566DB7 /* Debug */,
				30AFBE3929D6F70800566DB7 /* Release */,
			);
			defaultConfigurationIsVisible = 0;
			defaultConfigurationName = Release;
		};
/* End XCConfigurationList section */
	};
	rootObject = 30AFBE2029D6F70700566DB7 /* Project object */;
}
